// !$*UTF8*$!
{
	archiveVersion = 1;
	classes = {
	};
	objectVersion = 77;
	objects = {

/* Begin PBXBuildFile section */
		DC46E7772D57888D001BB1F9 /* SwiftJWT in Frameworks */ = {isa = PBXBuildFile; productRef = DC46E7762D57888D001BB1F9 /* SwiftJWT */; settings = {ATTRIBUTES = (Required, ); }; };
/* End PBXBuildFile section */

/* Begin PBXContainerItemProxy section */
		DED6A3922D1997400086DCA8 /* PBXContainerItemProxy */ = {
			isa = PBXContainerItemProxy;
			containerPortal = DED6A3732D19973E0086DCA8 /* Project object */;
			proxyType = 1;
			remoteGlobalIDString = DED6A37A2D19973E0086DCA8;
			remoteInfo = EFD_ipad;
		};
		DED6A39C2D1997400086DCA8 /* PBXContainerItemProxy */ = {
			isa = PBXContainerItemProxy;
			containerPortal = DED6A3732D19973E0086DCA8 /* Project object */;
			proxyType = 1;
			remoteGlobalIDString = DED6A37A2D19973E0086DCA8;
			remoteInfo = EFD_ipad;
		};
/* End PBXContainerItemProxy section */

/* Begin PBXFileReference section */
		DED6A37B2D19973E0086DCA8 /* EFD_ipad.app */ = {isa = PBXFileReference; explicitFileType = wrapper.application; includeInIndex = 0; path = EFD_ipad.app; sourceTree = BUILT_PRODUCTS_DIR; };
		DED6A3912D1997400086DCA8 /* EFD_ipadTests.xctest */ = {isa = PBXFileReference; explicitFileType = wrapper.cfbundle; includeInIndex = 0; path = EFD_ipadTests.xctest; sourceTree = BUILT_PRODUCTS_DIR; };
		DED6A39B2D1997400086DCA8 /* EFD_ipadUITests.xctest */ = {isa = PBXFileReference; explicitFileType = wrapper.cfbundle; includeInIndex = 0; path = EFD_ipadUITests.xctest; sourceTree = BUILT_PRODUCTS_DIR; };
/* End PBXFileReference section */

/* Begin PBXFileSystemSynchronizedBuildFileExceptionSet section */
		DED6A3A32D1997400086DCA8 /* Exceptions for "EFD_ipad" folder in "EFD_ipad" target */ = {
			isa = PBXFileSystemSynchronizedBuildFileExceptionSet;
			membershipExceptions = (
				Info.plist,
			);
			target = DED6A37A2D19973E0086DCA8 /* EFD_ipad */;
		};
/* End PBXFileSystemSynchronizedBuildFileExceptionSet section */

/* Begin PBXFileSystemSynchronizedRootGroup section */
		DED6A37D2D19973E0086DCA8 /* EFD_ipad */ = {
			isa = PBXFileSystemSynchronizedRootGroup;
			exceptions = (
				DED6A3A32D1997400086DCA8 /* Exceptions for "EFD_ipad" folder in "EFD_ipad" target */,
			);
			path = EFD_ipad;
			sourceTree = "<group>";
		};
		DED6A3942D1997400086DCA8 /* EFD_ipadTests */ = {
			isa = PBXFileSystemSynchronizedRootGroup;
			path = EFD_ipadTests;
			sourceTree = "<group>";
		};
		DED6A39E2D1997400086DCA8 /* EFD_ipadUITests */ = {
			isa = PBXFileSystemSynchronizedRootGroup;
			path = EFD_ipadUITests;
			sourceTree = "<group>";
		};
/* End PBXFileSystemSynchronizedRootGroup section */

/* Begin PBXFrameworksBuildPhase section */
		DED6A3782D19973E0086DCA8 /* Frameworks */ = {
			isa = PBXFrameworksBuildPhase;
			buildActionMask = 2147483647;
			files = (
				DC46E7772D57888D001BB1F9 /* SwiftJWT in Frameworks */,
			);
			runOnlyForDeploymentPostprocessing = 0;
		};
		DED6A38E2D1997400086DCA8 /* Frameworks */ = {
			isa = PBXFrameworksBuildPhase;
			buildActionMask = 2147483647;
			files = (
			);
			runOnlyForDeploymentPostprocessing = 0;
		};
		DED6A3982D1997400086DCA8 /* Frameworks */ = {
			isa = PBXFrameworksBuildPhase;
			buildActionMask = 2147483647;
			files = (
			);
			runOnlyForDeploymentPostprocessing = 0;
		};
/* End PBXFrameworksBuildPhase section */

/* Begin PBXGroup section */
		DC46E7752D57888D001BB1F9 /* Frameworks */ = {
			isa = PBXGroup;
			children = (
			);
			name = Frameworks;
			sourceTree = "<group>";
		};
		DED6A3722D19973E0086DCA8 = {
			isa = PBXGroup;
			children = (
				DED6A37D2D19973E0086DCA8 /* EFD_ipad */,
				DED6A3942D1997400086DCA8 /* EFD_ipadTests */,
				DED6A39E2D1997400086DCA8 /* EFD_ipadUITests */,
				DC46E7752D57888D001BB1F9 /* Frameworks */,
				DED6A37C2D19973E0086DCA8 /* Products */,
			);
			sourceTree = "<group>";
		};
		DED6A37C2D19973E0086DCA8 /* Products */ = {
			isa = PBXGroup;
			children = (
				DED6A37B2D19973E0086DCA8 /* EFD_ipad.app */,
				DED6A3912D1997400086DCA8 /* EFD_ipadTests.xctest */,
				DED6A39B2D1997400086DCA8 /* EFD_ipadUITests.xctest */,
			);
			name = Products;
			sourceTree = "<group>";
		};
/* End PBXGroup section */

/* Begin PBXNativeTarget section */
		DED6A37A2D19973E0086DCA8 /* EFD_ipad */ = {
			isa = PBXNativeTarget;
			buildConfigurationList = DED6A3A42D1997400086DCA8 /* Build configuration list for PBXNativeTarget "EFD_ipad" */;
			buildPhases = (
				DED6A3772D19973E0086DCA8 /* Sources */,
				DED6A3782D19973E0086DCA8 /* Frameworks */,
				DED6A3792D19973E0086DCA8 /* Resources */,
			);
			buildRules = (
			);
			dependencies = (
			);
			fileSystemSynchronizedGroups = (
				DED6A37D2D19973E0086DCA8 /* EFD_ipad */,
			);
			name = EFD_ipad;
			packageProductDependencies = (
				DC46E7762D57888D001BB1F9 /* SwiftJWT */,
			);
			productName = EFD_ipad;
			productReference = DED6A37B2D19973E0086DCA8 /* EFD_ipad.app */;
			productType = "com.apple.product-type.application";
		};
		DED6A3902D1997400086DCA8 /* EFD_ipadTests */ = {
			isa = PBXNativeTarget;
			buildConfigurationList = DED6A3A92D1997400086DCA8 /* Build configuration list for PBXNativeTarget "EFD_ipadTests" */;
			buildPhases = (
				DED6A38D2D1997400086DCA8 /* Sources */,
				DED6A38E2D1997400086DCA8 /* Frameworks */,
				DED6A38F2D1997400086DCA8 /* Resources */,
			);
			buildRules = (
			);
			dependencies = (
				DED6A3932D1997400086DCA8 /* PBXTargetDependency */,
			);
			fileSystemSynchronizedGroups = (
				DED6A3942D1997400086DCA8 /* EFD_ipadTests */,
			);
			name = EFD_ipadTests;
			packageProductDependencies = (
			);
			productName = EFD_ipadTests;
			productReference = DED6A3912D1997400086DCA8 /* EFD_ipadTests.xctest */;
			productType = "com.apple.product-type.bundle.unit-test";
		};
		DED6A39A2D1997400086DCA8 /* EFD_ipadUITests */ = {
			isa = PBXNativeTarget;
			buildConfigurationList = DED6A3AC2D1997400086DCA8 /* Build configuration list for PBXNativeTarget "EFD_ipadUITests" */;
			buildPhases = (
				DED6A3972D1997400086DCA8 /* Sources */,
				DED6A3982D1997400086DCA8 /* Frameworks */,
				DED6A3992D1997400086DCA8 /* Resources */,
			);
			buildRules = (
			);
			dependencies = (
				DED6A39D2D1997400086DCA8 /* PBXTargetDependency */,
			);
			fileSystemSynchronizedGroups = (
				DED6A39E2D1997400086DCA8 /* EFD_ipadUITests */,
			);
			name = EFD_ipadUITests;
			packageProductDependencies = (
			);
			productName = EFD_ipadUITests;
			productReference = DED6A39B2D1997400086DCA8 /* EFD_ipadUITests.xctest */;
			productType = "com.apple.product-type.bundle.ui-testing";
		};
/* End PBXNativeTarget section */

/* Begin PBXProject section */
		DED6A3732D19973E0086DCA8 /* Project object */ = {
			isa = PBXProject;
			attributes = {
				BuildIndependentTargetsInParallel = 1;
				LastSwiftUpdateCheck = 1600;
				LastUpgradeCheck = 1600;
				TargetAttributes = {
					DED6A37A2D19973E0086DCA8 = {
						CreatedOnToolsVersion = 16.0;
					};
					DED6A3902D1997400086DCA8 = {
						CreatedOnToolsVersion = 16.0;
						TestTargetID = DED6A37A2D19973E0086DCA8;
					};
					DED6A39A2D1997400086DCA8 = {
						CreatedOnToolsVersion = 16.0;
						TestTargetID = DED6A37A2D19973E0086DCA8;
					};
				};
			};
			buildConfigurationList = DED6A3762D19973E0086DCA8 /* Build configuration list for PBXProject "EFD_ipad" */;
			developmentRegion = en;
			hasScannedForEncodings = 0;
			knownRegions = (
				en,
				Base,
			);
			mainGroup = DED6A3722D19973E0086DCA8;
			minimizedProjectReferenceProxies = 1;
			packageReferences = (
				DC46E7742D57887E001BB1F9 /* XCRemoteSwiftPackageReference "Swift-JWT" */,
			);
			preferredProjectObjectVersion = 77;
			productRefGroup = DED6A37C2D19973E0086DCA8 /* Products */;
			projectDirPath = "";
			projectRoot = "";
			targets = (
				DED6A37A2D19973E0086DCA8 /* EFD_ipad */,
				DED6A3902D1997400086DCA8 /* EFD_ipadTests */,
				DED6A39A2D1997400086DCA8 /* EFD_ipadUITests */,
			);
		};
/* End PBXProject section */

/* Begin PBXResourcesBuildPhase section */
		DED6A3792D19973E0086DCA8 /* Resources */ = {
			isa = PBXResourcesBuildPhase;
			buildActionMask = 2147483647;
			files = (
			);
			runOnlyForDeploymentPostprocessing = 0;
		};
		DED6A38F2D1997400086DCA8 /* Resources */ = {
			isa = PBXResourcesBuildPhase;
			buildActionMask = 2147483647;
			files = (
			);
			runOnlyForDeploymentPostprocessing = 0;
		};
		DED6A3992D1997400086DCA8 /* Resources */ = {
			isa = PBXResourcesBuildPhase;
			buildActionMask = 2147483647;
			files = (
			);
			runOnlyForDeploymentPostprocessing = 0;
		};
/* End PBXResourcesBuildPhase section */

/* Begin PBXSourcesBuildPhase section */
		DED6A3772D19973E0086DCA8 /* Sources */ = {
			isa = PBXSourcesBuildPhase;
			buildActionMask = 2147483647;
			files = (
			);
			runOnlyForDeploymentPostprocessing = 0;
		};
		DED6A38D2D1997400086DCA8 /* Sources */ = {
			isa = PBXSourcesBuildPhase;
			buildActionMask = 2147483647;
			files = (
			);
			runOnlyForDeploymentPostprocessing = 0;
		};
		DED6A3972D1997400086DCA8 /* Sources */ = {
			isa = PBXSourcesBuildPhase;
			buildActionMask = 2147483647;
			files = (
			);
			runOnlyForDeploymentPostprocessing = 0;
		};
/* End PBXSourcesBuildPhase section */

/* Begin PBXTargetDependency section */
		DED6A3932D1997400086DCA8 /* PBXTargetDependency */ = {
			isa = PBXTargetDependency;
			target = DED6A37A2D19973E0086DCA8 /* EFD_ipad */;
			targetProxy = DED6A3922D1997400086DCA8 /* PBXContainerItemProxy */;
		};
		DED6A39D2D1997400086DCA8 /* PBXTargetDependency */ = {
			isa = PBXTargetDependency;
			target = DED6A37A2D19973E0086DCA8 /* EFD_ipad */;
			targetProxy = DED6A39C2D1997400086DCA8 /* PBXContainerItemProxy */;
		};
/* End PBXTargetDependency section */

/* Begin XCBuildConfiguration section */
		DED6A3A52D1997400086DCA8 /* Debug */ = {
			isa = XCBuildConfiguration;
			buildSettings = {
				ASSETCATALOG_COMPILER_APPICON_NAME = AppIcon;
				ASSETCATALOG_COMPILER_GLOBAL_ACCENT_COLOR_NAME = AccentColor;
				CODE_SIGN_STYLE = Automatic;
				CURRENT_PROJECT_VERSION = 1;
				DEVELOPMENT_TEAM = WA55KD5NGL;
				GENERATE_INFOPLIST_FILE = YES;
				INFOPLIST_FILE = EFD_ipad/Info.plist;
				INFOPLIST_KEY_UIApplicationSupportsIndirectInputEvents = YES;
				INFOPLIST_KEY_UILaunchStoryboardName = LaunchScreen;
				INFOPLIST_KEY_UIStatusBarHidden = NO;
				INFOPLIST_KEY_UIStatusBarStyle = "";
				INFOPLIST_KEY_UISupportedInterfaceOrientations = "UIInterfaceOrientationLandscapeLeft UIInterfaceOrientationLandscapeRight UIInterfaceOrientationPortrait";
				INFOPLIST_KEY_UISupportedInterfaceOrientations_iPad = "UIInterfaceOrientationLandscapeLeft UIInterfaceOrientationLandscapeRight";
				IPHONEOS_DEPLOYMENT_TARGET = 15.6;
				LD_RUNPATH_SEARCH_PATHS = (
					"$(inherited)",
					"@executable_path/Frameworks",
				);
				MARKETING_VERSION = 1.0;
				PRODUCT_BUNDLE_IDENTIFIER = "com.esgi.EFD-ipad";
				PRODUCT_NAME = "$(TARGET_NAME)";
				SUPPORTED_PLATFORMS = "iphoneos iphonesimulator";
				SUPPORTS_MACCATALYST = NO;
				SWIFT_EMIT_LOC_STRINGS = YES;
				SWIFT_VERSION = 5.0;
				TARGETED_DEVICE_FAMILY = "1,2";
			};
			name = Debug;
		};
		DED6A3A62D1997400086DCA8 /* Release */ = {
			isa = XCBuildConfiguration;
			buildSettings = {
				ASSETCATALOG_COMPILER_APPICON_NAME = AppIcon;
				ASSETCATALOG_COMPILER_GLOBAL_ACCENT_COLOR_NAME = AccentColor;
				CODE_SIGN_STYLE = Automatic;
				CURRENT_PROJECT_VERSION = 1;
				DEVELOPMENT_TEAM = WA55KD5NGL;
				GENERATE_INFOPLIST_FILE = YES;
				INFOPLIST_FILE = EFD_ipad/Info.plist;
				INFOPLIST_KEY_UIApplicationSupportsIndirectInputEvents = YES;
				INFOPLIST_KEY_UILaunchStoryboardName = LaunchScreen;
				INFOPLIST_KEY_UIStatusBarHidden = NO;
				INFOPLIST_KEY_UIStatusBarStyle = "";
				INFOPLIST_KEY_UISupportedInterfaceOrientations = "UIInterfaceOrientationLandscapeLeft UIInterfaceOrientationLandscapeRight UIInterfaceOrientationPortrait";
				INFOPLIST_KEY_UISupportedInterfaceOrientations_iPad = "UIInterfaceOrientationLandscapeLeft UIInterfaceOrientationLandscapeRight";
				IPHONEOS_DEPLOYMENT_TARGET = 15.6;
				LD_RUNPATH_SEARCH_PATHS = (
					"$(inherited)",
					"@executable_path/Frameworks",
				);
				MARKETING_VERSION = 1.0;
				PRODUCT_BUNDLE_IDENTIFIER = "com.esgi.EFD-ipad";
				PRODUCT_NAME = "$(TARGET_NAME)";
				SUPPORTED_PLATFORMS = "iphoneos iphonesimulator";
				SUPPORTS_MACCATALYST = NO;
				SWIFT_EMIT_LOC_STRINGS = YES;
				SWIFT_VERSION = 5.0;
				TARGETED_DEVICE_FAMILY = "1,2";
			};
			name = Release;
		};
		DED6A3A72D1997400086DCA8 /* Debug */ = {
			isa = XCBuildConfiguration;
			buildSettings = {
				ALWAYS_SEARCH_USER_PATHS = NO;
				ASSETCATALOG_COMPILER_GENERATE_SWIFT_ASSET_SYMBOL_EXTENSIONS = YES;
				CLANG_ANALYZER_NONNULL = YES;
				CLANG_ANALYZER_NUMBER_OBJECT_CONVERSION = YES_AGGRESSIVE;
				CLANG_CXX_LANGUAGE_STANDARD = "gnu++20";
				CLANG_ENABLE_MODULES = YES;
				CLANG_ENABLE_OBJC_ARC = YES;
				CLANG_ENABLE_OBJC_WEAK = YES;
				CLANG_WARN_BLOCK_CAPTURE_AUTORELEASING = YES;
				CLANG_WARN_BOOL_CONVERSION = YES;
				CLANG_WARN_COMMA = YES;
				CLANG_WARN_CONSTANT_CONVERSION = YES;
				CLANG_WARN_DEPRECATED_OBJC_IMPLEMENTATIONS = YES;
				CLANG_WARN_DIRECT_OBJC_ISA_USAGE = YES_ERROR;
				CLANG_WARN_DOCUMENTATION_COMMENTS = YES;
				CLANG_WARN_EMPTY_BODY = YES;
				CLANG_WARN_ENUM_CONVERSION = YES;
				CLANG_WARN_INFINITE_RECURSION = YES;
				CLANG_WARN_INT_CONVERSION = YES;
				CLANG_WARN_NON_LITERAL_NULL_CONVERSION = YES;
				CLANG_WARN_OBJC_IMPLICIT_RETAIN_SELF = YES;
				CLANG_WARN_OBJC_LITERAL_CONVERSION = YES;
				CLANG_WARN_OBJC_ROOT_CLASS = YES_ERROR;
				CLANG_WARN_QUOTED_INCLUDE_IN_FRAMEWORK_HEADER = YES;
				CLANG_WARN_RANGE_LOOP_ANALYSIS = YES;
				CLANG_WARN_STRICT_PROTOTYPES = YES;
				CLANG_WARN_SUSPICIOUS_MOVE = YES;
				CLANG_WARN_UNGUARDED_AVAILABILITY = YES_AGGRESSIVE;
				CLANG_WARN_UNREACHABLE_CODE = YES;
				CLANG_WARN__DUPLICATE_METHOD_MATCH = YES;
				COPY_PHASE_STRIP = NO;
				DEBUG_INFORMATION_FORMAT = dwarf;
				ENABLE_STRICT_OBJC_MSGSEND = YES;
				ENABLE_TESTABILITY = YES;
				ENABLE_USER_SCRIPT_SANDBOXING = YES;
				GCC_C_LANGUAGE_STANDARD = gnu17;
				GCC_DYNAMIC_NO_PIC = NO;
				GCC_NO_COMMON_BLOCKS = YES;
				GCC_OPTIMIZATION_LEVEL = 0;
				GCC_PREPROCESSOR_DEFINITIONS = (
					"DEBUG=1",
					"$(inherited)",
				);
				GCC_WARN_64_TO_32_BIT_CONVERSION = YES;
				GCC_WARN_ABOUT_RETURN_TYPE = YES_ERROR;
				GCC_WARN_UNDECLARED_SELECTOR = YES;
				GCC_WARN_UNINITIALIZED_AUTOS = YES_AGGRESSIVE;
				GCC_WARN_UNUSED_FUNCTION = YES;
				GCC_WARN_UNUSED_VARIABLE = YES;
				IPHONEOS_DEPLOYMENT_TARGET = 18.0;
				LOCALIZATION_PREFERS_STRING_CATALOGS = YES;
				MTL_ENABLE_DEBUG_INFO = INCLUDE_SOURCE;
				MTL_FAST_MATH = YES;
				ONLY_ACTIVE_ARCH = YES;
				SDKROOT = iphoneos;
				SWIFT_ACTIVE_COMPILATION_CONDITIONS = "DEBUG $(inherited)";
				SWIFT_OPTIMIZATION_LEVEL = "-Onone";
			};
			name = Debug;
		};
		DED6A3A82D1997400086DCA8 /* Release */ = {
			isa = XCBuildConfiguration;
			buildSettings = {
				ALWAYS_SEARCH_USER_PATHS = NO;
				ASSETCATALOG_COMPILER_GENERATE_SWIFT_ASSET_SYMBOL_EXTENSIONS = YES;
				CLANG_ANALYZER_NONNULL = YES;
				CLANG_ANALYZER_NUMBER_OBJECT_CONVERSION = YES_AGGRESSIVE;
				CLANG_CXX_LANGUAGE_STANDARD = "gnu++20";
				CLANG_ENABLE_MODULES = YES;
				CLANG_ENABLE_OBJC_ARC = YES;
				CLANG_ENABLE_OBJC_WEAK = YES;
				CLANG_WARN_BLOCK_CAPTURE_AUTORELEASING = YES;
				CLANG_WARN_BOOL_CONVERSION = YES;
				CLANG_WARN_COMMA = YES;
				CLANG_WARN_CONSTANT_CONVERSION = YES;
				CLANG_WARN_DEPRECATED_OBJC_IMPLEMENTATIONS = YES;
				CLANG_WARN_DIRECT_OBJC_ISA_USAGE = YES_ERROR;
				CLANG_WARN_DOCUMENTATION_COMMENTS = YES;
				CLANG_WARN_EMPTY_BODY = YES;
				CLANG_WARN_ENUM_CONVERSION = YES;
				CLANG_WARN_INFINITE_RECURSION = YES;
				CLANG_WARN_INT_CONVERSION = YES;
				CLANG_WARN_NON_LITERAL_NULL_CONVERSION = YES;
				CLANG_WARN_OBJC_IMPLICIT_RETAIN_SELF = YES;
				CLANG_WARN_OBJC_LITERAL_CONVERSION = YES;
				CLANG_WARN_OBJC_ROOT_CLASS = YES_ERROR;
				CLANG_WARN_QUOTED_INCLUDE_IN_FRAMEWORK_HEADER = YES;
				CLANG_WARN_RANGE_LOOP_ANALYSIS = YES;
				CLANG_WARN_STRICT_PROTOTYPES = YES;
				CLANG_WARN_SUSPICIOUS_MOVE = YES;
				CLANG_WARN_UNGUARDED_AVAILABILITY = YES_AGGRESSIVE;
				CLANG_WARN_UNREACHABLE_CODE = YES;
				CLANG_WARN__DUPLICATE_METHOD_MATCH = YES;
				COPY_PHASE_STRIP = NO;
				DEBUG_INFORMATION_FORMAT = "dwarf-with-dsym";
				ENABLE_NS_ASSERTIONS = NO;
				ENABLE_STRICT_OBJC_MSGSEND = YES;
				ENABLE_USER_SCRIPT_SANDBOXING = YES;
				GCC_C_LANGUAGE_STANDARD = gnu17;
				GCC_NO_COMMON_BLOCKS = YES;
				GCC_WARN_64_TO_32_BIT_CONVERSION = YES;
				GCC_WARN_ABOUT_RETURN_TYPE = YES_ERROR;
				GCC_WARN_UNDECLARED_SELECTOR = YES;
				GCC_WARN_UNINITIALIZED_AUTOS = YES_AGGRESSIVE;
				GCC_WARN_UNUSED_FUNCTION = YES;
				GCC_WARN_UNUSED_VARIABLE = YES;
				IPHONEOS_DEPLOYMENT_TARGET = 18.0;
				LOCALIZATION_PREFERS_STRING_CATALOGS = YES;
				MTL_ENABLE_DEBUG_INFO = NO;
				MTL_FAST_MATH = YES;
				SDKROOT = iphoneos;
				SWIFT_COMPILATION_MODE = wholemodule;
				VALIDATE_PRODUCT = YES;
			};
			name = Release;
		};
		DED6A3AA2D1997400086DCA8 /* Debug */ = {
			isa = XCBuildConfiguration;
			buildSettings = {
				BUNDLE_LOADER = "$(TEST_HOST)";
				CODE_SIGN_STYLE = Automatic;
				CURRENT_PROJECT_VERSION = 1;
				GENERATE_INFOPLIST_FILE = YES;
				IPHONEOS_DEPLOYMENT_TARGET = 18.0;
				MARKETING_VERSION = 1.0;
				PRODUCT_BUNDLE_IDENTIFIER = "com.esgi.EFD-ipadTests";
				PRODUCT_NAME = "$(TARGET_NAME)";
				SWIFT_EMIT_LOC_STRINGS = NO;
				SWIFT_VERSION = 5.0;
				TARGETED_DEVICE_FAMILY = "1,2";
				TEST_HOST = "$(BUILT_PRODUCTS_DIR)/EFD_ipad.app/$(BUNDLE_EXECUTABLE_FOLDER_PATH)/EFD_ipad";
			};
			name = Debug;
		};
		DED6A3AB2D1997400086DCA8 /* Release */ = {
			isa = XCBuildConfiguration;
			buildSettings = {
				BUNDLE_LOADER = "$(TEST_HOST)";
				CODE_SIGN_STYLE = Automatic;
				CURRENT_PROJECT_VERSION = 1;
				GENERATE_INFOPLIST_FILE = YES;
				IPHONEOS_DEPLOYMENT_TARGET = 18.0;
				MARKETING_VERSION = 1.0;
				PRODUCT_BUNDLE_IDENTIFIER = "com.esgi.EFD-ipadTests";
				PRODUCT_NAME = "$(TARGET_NAME)";
				SWIFT_EMIT_LOC_STRINGS = NO;
				SWIFT_VERSION = 5.0;
				TARGETED_DEVICE_FAMILY = "1,2";
				TEST_HOST = "$(BUILT_PRODUCTS_DIR)/EFD_ipad.app/$(BUNDLE_EXECUTABLE_FOLDER_PATH)/EFD_ipad";
			};
			name = Release;
		};
		DED6A3AD2D1997400086DCA8 /* Debug */ = {
			isa = XCBuildConfiguration;
			buildSettings = {
				CODE_SIGN_STYLE = Automatic;
				CURRENT_PROJECT_VERSION = 1;
				GENERATE_INFOPLIST_FILE = YES;
				MARKETING_VERSION = 1.0;
				PRODUCT_BUNDLE_IDENTIFIER = "com.esgi.EFD-ipadUITests";
				PRODUCT_NAME = "$(TARGET_NAME)";
				SWIFT_EMIT_LOC_STRINGS = NO;
				SWIFT_VERSION = 5.0;
				TARGETED_DEVICE_FAMILY = "1,2";
				TEST_TARGET_NAME = EFD_ipad;
			};
			name = Debug;
		};
		DED6A3AE2D1997400086DCA8 /* Release */ = {
			isa = XCBuildConfiguration;
			buildSettings = {
				CODE_SIGN_STYLE = Automatic;
				CURRENT_PROJECT_VERSION = 1;
				GENERATE_INFOPLIST_FILE = YES;
				MARKETING_VERSION = 1.0;
				PRODUCT_BUNDLE_IDENTIFIER = "com.esgi.EFD-ipadUITests";
				PRODUCT_NAME = "$(TARGET_NAME)";
				SWIFT_EMIT_LOC_STRINGS = NO;
				SWIFT_VERSION = 5.0;
				TARGETED_DEVICE_FAMILY = "1,2";
				TEST_TARGET_NAME = EFD_ipad;
			};
			name = Release;
		};
/* End XCBuildConfiguration section */

/* Begin XCConfigurationList section */
		DED6A3762D19973E0086DCA8 /* Build configuration list for PBXProject "EFD_ipad" */ = {
			isa = XCConfigurationList;
			buildConfigurations = (
				DED6A3A72D1997400086DCA8 /* Debug */,
				DED6A3A82D1997400086DCA8 /* Release */,
			);
			defaultConfigurationIsVisible = 0;
			defaultConfigurationName = Release;
		};
		DED6A3A42D1997400086DCA8 /* Build configuration list for PBXNativeTarget "EFD_ipad" */ = {
			isa = XCConfigurationList;
			buildConfigurations = (
				DED6A3A52D1997400086DCA8 /* Debug */,
				DED6A3A62D1997400086DCA8 /* Release */,
			);
			defaultConfigurationIsVisible = 0;
			defaultConfigurationName = Release;
		};
		DED6A3A92D1997400086DCA8 /* Build configuration list for PBXNativeTarget "EFD_ipadTests" */ = {
			isa = XCConfigurationList;
			buildConfigurations = (
				DED6A3AA2D1997400086DCA8 /* Debug */,
				DED6A3AB2D1997400086DCA8 /* Release */,
			);
			defaultConfigurationIsVisible = 0;
			defaultConfigurationName = Release;
		};
		DED6A3AC2D1997400086DCA8 /* Build configuration list for PBXNativeTarget "EFD_ipadUITests" */ = {
			isa = XCConfigurationList;
			buildConfigurations = (
				DED6A3AD2D1997400086DCA8 /* Debug */,
				DED6A3AE2D1997400086DCA8 /* Release */,
			);
			defaultConfigurationIsVisible = 0;
			defaultConfigurationName = Release;
		};
/* End XCConfigurationList section */

/* Begin XCRemoteSwiftPackageReference section */
		DC46E7742D57887E001BB1F9 /* XCRemoteSwiftPackageReference "Swift-JWT" */ = {
			isa = XCRemoteSwiftPackageReference;
			repositoryURL = "https://github.com/Kitura/Swift-JWT.git";
			requirement = {
				kind = upToNextMajorVersion;
				minimumVersion = 4.0.2;
			};
		};
/* End XCRemoteSwiftPackageReference section */

/* Begin XCSwiftPackageProductDependency section */
		DC46E7762D57888D001BB1F9 /* SwiftJWT */ = {
			isa = XCSwiftPackageProductDependency;
			package = DC46E7742D57887E001BB1F9 /* XCRemoteSwiftPackageReference "Swift-JWT" */;
			productName = SwiftJWT;
		};
/* End XCSwiftPackageProductDependency section */
	};
	rootObject = DED6A3732D19973E0086DCA8 /* Project object */;
}
